// !$*UTF8*$!
{
	archiveVersion = 1;
	classes = {
	};
	objectVersion = 55;
	objects = {

/* Begin PBXBuildFile section */
		6A7CCE0A286FFDB000598C88 /* AppDelegate.swift in Sources */ = {isa = PBXBuildFile; fileRef = 6A7CCE09286FFDB000598C88 /* AppDelegate.swift */; };
		6A7CCE0C286FFDB000598C88 /* SceneDelegate.swift in Sources */ = {isa = PBXBuildFile; fileRef = 6A7CCE0B286FFDB000598C88 /* SceneDelegate.swift */; };
		6A7CCE0E286FFDB000598C88 /* CBBaseViewController.swift in Sources */ = {isa = PBXBuildFile; fileRef = 6A7CCE0D286FFDB000598C88 /* CBBaseViewController.swift */; };
		6A7CCE11286FFDB000598C88 /* Main.storyboard in Resources */ = {isa = PBXBuildFile; fileRef = 6A7CCE0F286FFDB000598C88 /* Main.storyboard */; };
		6A7CCE14286FFDB000598C88 /* CubeBuddyProgUI.xcdatamodeld in Sources */ = {isa = PBXBuildFile; fileRef = 6A7CCE12286FFDB000598C88 /* CubeBuddyProgUI.xcdatamodeld */; };
		6A7CCE16286FFDB100598C88 /* Assets.xcassets in Resources */ = {isa = PBXBuildFile; fileRef = 6A7CCE15286FFDB100598C88 /* Assets.xcassets */; };
		6A7CCE19286FFDB100598C88 /* LaunchScreen.storyboard in Resources */ = {isa = PBXBuildFile; fileRef = 6A7CCE17286FFDB100598C88 /* LaunchScreen.storyboard */; };
		6A7CCE24286FFDB100598C88 /* CubeBuddyProgUITests.swift in Sources */ = {isa = PBXBuildFile; fileRef = 6A7CCE23286FFDB100598C88 /* CubeBuddyProgUITests.swift */; };
		6A7CCE2E286FFDB100598C88 /* CubeBuddyProgUIUITests.swift in Sources */ = {isa = PBXBuildFile; fileRef = 6A7CCE2D286FFDB100598C88 /* CubeBuddyProgUIUITests.swift */; };
		6A7CCE30286FFDB100598C88 /* CubeBuddyProgUIUITestsLaunchTests.swift in Sources */ = {isa = PBXBuildFile; fileRef = 6A7CCE2F286FFDB100598C88 /* CubeBuddyProgUIUITestsLaunchTests.swift */; };
		6A7CCE412870095800598C88 /* UIColor+Extension.swift in Sources */ = {isa = PBXBuildFile; fileRef = 6A7CCE402870095800598C88 /* UIColor+Extension.swift */; };
		6A7CCE432870116700598C88 /* MenuViewController.swift in Sources */ = {isa = PBXBuildFile; fileRef = 6A7CCE422870116700598C88 /* MenuViewController.swift */; };
		6A7CCE462870129700598C88 /* CBConstants.swift in Sources */ = {isa = PBXBuildFile; fileRef = 6A7CCE452870129700598C88 /* CBConstants.swift */; };
		6A7CCE4828701E3400598C88 /* TimerViewController.swift in Sources */ = {isa = PBXBuildFile; fileRef = 6A7CCE4728701E3400598C88 /* TimerViewController.swift */; };
		6AACD4FC28717EF3006FB54B /* UIFont+Extension.swift in Sources */ = {isa = PBXBuildFile; fileRef = 6AACD4FB28717EF3006FB54B /* UIFont+Extension.swift */; };
		6AACD4FE287191FB006FB54B /* SolvesViewController.swift in Sources */ = {isa = PBXBuildFile; fileRef = 6AACD4FD287191FB006FB54B /* SolvesViewController.swift */; };
		6AACD500287196A6006FB54B /* CubeNoobYoutubePlayerVC.swift in Sources */ = {isa = PBXBuildFile; fileRef = 6AACD4FF287196A5006FB54B /* CubeNoobYoutubePlayerVC.swift */; };
		6AACD5042872F0AD006FB54B /* CBViewCreator.swift in Sources */ = {isa = PBXBuildFile; fileRef = 6AACD5032872F0AD006FB54B /* CBViewCreator.swift */; };
		6AACD5062872F778006FB54B /* UIView+Extensions.swift in Sources */ = {isa = PBXBuildFile; fileRef = 6AACD5052872F778006FB54B /* UIView+Extensions.swift */; };
		6AACD5092876DE07006FB54B /* CBBrain.swift in Sources */ = {isa = PBXBuildFile; fileRef = 6AACD5082876DE07006FB54B /* CBBrain.swift */; };
		6AAF303328B8AD3D00870A00 /* SolveModel.swift in Sources */ = {isa = PBXBuildFile; fileRef = 6AAF303228B8AD3D00870A00 /* SolveModel.swift */; };
		6AAF303628B8AE7C00870A00 /* SolveCellModel.swift in Sources */ = {isa = PBXBuildFile; fileRef = 6AAF303428B8AE7C00870A00 /* SolveCellModel.swift */; };
		6AAF303928B8AF2600870A00 /* CBBaseTableViewController.swift in Sources */ = {isa = PBXBuildFile; fileRef = 6AAF303828B8AF2600870A00 /* CBBaseTableViewController.swift */; };
		6AAF303B28B8CAB800870A00 /* UserDefaultsHelper.swift in Sources */ = {isa = PBXBuildFile; fileRef = 6AAF303A28B8CAB800870A00 /* UserDefaultsHelper.swift */; };
		6AAF304128B915F900870A00 /* CoreRubiksCube.swift in Sources */ = {isa = PBXBuildFile; fileRef = 6AAF304028B915F900870A00 /* CoreRubiksCube.swift */; };
		6AAF304328B9BCAA00870A00 /* ScrambledCubeGraphicVC.swift in Sources */ = {isa = PBXBuildFile; fileRef = 6AAF304228B9BCAA00870A00 /* ScrambledCubeGraphicVC.swift */; };
		6AAF304828B9D54A00870A00 /* NavigationController+TabBar+Ext.swift in Sources */ = {isa = PBXBuildFile; fileRef = 6AAF304728B9D54A00870A00 /* NavigationController+TabBar+Ext.swift */; };
		6AAF304B28BCAEE200870A00 /* CBLabel.swift in Sources */ = {isa = PBXBuildFile; fileRef = 6AAF304A28BCAEE200870A00 /* CBLabel.swift */; };
		6AAF304D28BCAFC600870A00 /* CBVStackView.swift in Sources */ = {isa = PBXBuildFile; fileRef = 6AAF304C28BCAFC600870A00 /* CBVStackView.swift */; };
		6AAF304F28BD040F00870A00 /* CBView.swift in Sources */ = {isa = PBXBuildFile; fileRef = 6AAF304E28BD040F00870A00 /* CBView.swift */; };
		6AAF305128BE260800870A00 /* CBButton.swift in Sources */ = {isa = PBXBuildFile; fileRef = 6AAF305028BE260800870A00 /* CBButton.swift */; };
		6AAF305328BE274500870A00 /* CBStackView.swift in Sources */ = {isa = PBXBuildFile; fileRef = 6AAF305228BE274500870A00 /* CBStackView.swift */; };
		6AAF305528BE299E00870A00 /* CBTableViewCellCreator.swift in Sources */ = {isa = PBXBuildFile; fileRef = 6AAF305428BE299E00870A00 /* CBTableViewCellCreator.swift */; };
		6AAF305728BF3FC200870A00 /* CBSlider.swift in Sources */ = {isa = PBXBuildFile; fileRef = 6AAF305628BF3FC200870A00 /* CBSlider.swift */; };
		6AAF305928BF3FE200870A00 /* CBSegmentedControl.swift in Sources */ = {isa = PBXBuildFile; fileRef = 6AAF305828BF3FE200870A00 /* CBSegmentedControl.swift */; };
		6AAF305B28C0737500870A00 /* CBHStackView.swift in Sources */ = {isa = PBXBuildFile; fileRef = 6AAF305A28C0737500870A00 /* CBHStackView.swift */; };
		6AAF305D28C07BD000870A00 /* CBConstraintHelper.swift in Sources */ = {isa = PBXBuildFile; fileRef = 6AAF305C28C07BD000870A00 /* CBConstraintHelper.swift */; };
		6AAF305F28C21AC100870A00 /* CBPickerView.swift in Sources */ = {isa = PBXBuildFile; fileRef = 6AAF305E28C21AC100870A00 /* CBPickerView.swift */; };
		6AAF306128C2820A00870A00 /* UIStackView+Extension.swift in Sources */ = {isa = PBXBuildFile; fileRef = 6AAF306028C2820A00870A00 /* UIStackView+Extension.swift */; };
		6AAF306328C285F100870A00 /* CBBaseTableViewCell.swift in Sources */ = {isa = PBXBuildFile; fileRef = 6AAF306228C285F100870A00 /* CBBaseTableViewCell.swift */; };
		6AAF306528C3659A00870A00 /* CBEnums.swift in Sources */ = {isa = PBXBuildFile; fileRef = 6AAF306428C3659A00870A00 /* CBEnums.swift */; };
/* End PBXBuildFile section */

/* Begin PBXContainerItemProxy section */
		6A7CCE20286FFDB100598C88 /* PBXContainerItemProxy */ = {
			isa = PBXContainerItemProxy;
			containerPortal = 6A7CCDFE286FFDB000598C88 /* Project object */;
			proxyType = 1;
			remoteGlobalIDString = 6A7CCE05286FFDB000598C88;
			remoteInfo = CubeBuddyProgUI;
		};
		6A7CCE2A286FFDB100598C88 /* PBXContainerItemProxy */ = {
			isa = PBXContainerItemProxy;
			containerPortal = 6A7CCDFE286FFDB000598C88 /* Project object */;
			proxyType = 1;
			remoteGlobalIDString = 6A7CCE05286FFDB000598C88;
			remoteInfo = CubeBuddyProgUI;
		};
/* End PBXContainerItemProxy section */

/* Begin PBXFileReference section */
		6A7CCE06286FFDB000598C88 /* CubeBuddyProgUI.app */ = {isa = PBXFileReference; explicitFileType = wrapper.application; includeInIndex = 0; path = CubeBuddyProgUI.app; sourceTree = BUILT_PRODUCTS_DIR; };
		6A7CCE09286FFDB000598C88 /* AppDelegate.swift */ = {isa = PBXFileReference; lastKnownFileType = sourcecode.swift; path = AppDelegate.swift; sourceTree = "<group>"; };
		6A7CCE0B286FFDB000598C88 /* SceneDelegate.swift */ = {isa = PBXFileReference; lastKnownFileType = sourcecode.swift; path = SceneDelegate.swift; sourceTree = "<group>"; };
		6A7CCE0D286FFDB000598C88 /* CBBaseViewController.swift */ = {isa = PBXFileReference; lastKnownFileType = sourcecode.swift; path = CBBaseViewController.swift; sourceTree = "<group>"; };
		6A7CCE10286FFDB000598C88 /* Base */ = {isa = PBXFileReference; lastKnownFileType = file.storyboard; name = Base; path = Base.lproj/Main.storyboard; sourceTree = "<group>"; };
		6A7CCE13286FFDB000598C88 /* CubeBuddyProgUI.xcdatamodel */ = {isa = PBXFileReference; lastKnownFileType = wrapper.xcdatamodel; path = CubeBuddyProgUI.xcdatamodel; sourceTree = "<group>"; };
		6A7CCE15286FFDB100598C88 /* Assets.xcassets */ = {isa = PBXFileReference; lastKnownFileType = folder.assetcatalog; path = Assets.xcassets; sourceTree = "<group>"; };
		6A7CCE18286FFDB100598C88 /* Base */ = {isa = PBXFileReference; lastKnownFileType = file.storyboard; name = Base; path = Base.lproj/LaunchScreen.storyboard; sourceTree = "<group>"; };
		6A7CCE1A286FFDB100598C88 /* Info.plist */ = {isa = PBXFileReference; lastKnownFileType = text.plist.xml; path = Info.plist; sourceTree = "<group>"; };
		6A7CCE1F286FFDB100598C88 /* CubeBuddyProgUITests.xctest */ = {isa = PBXFileReference; explicitFileType = wrapper.cfbundle; includeInIndex = 0; path = CubeBuddyProgUITests.xctest; sourceTree = BUILT_PRODUCTS_DIR; };
		6A7CCE23286FFDB100598C88 /* CubeBuddyProgUITests.swift */ = {isa = PBXFileReference; lastKnownFileType = sourcecode.swift; path = CubeBuddyProgUITests.swift; sourceTree = "<group>"; };
		6A7CCE29286FFDB100598C88 /* CubeBuddyProgUIUITests.xctest */ = {isa = PBXFileReference; explicitFileType = wrapper.cfbundle; includeInIndex = 0; path = CubeBuddyProgUIUITests.xctest; sourceTree = BUILT_PRODUCTS_DIR; };
		6A7CCE2D286FFDB100598C88 /* CubeBuddyProgUIUITests.swift */ = {isa = PBXFileReference; lastKnownFileType = sourcecode.swift; path = CubeBuddyProgUIUITests.swift; sourceTree = "<group>"; };
		6A7CCE2F286FFDB100598C88 /* CubeBuddyProgUIUITestsLaunchTests.swift */ = {isa = PBXFileReference; lastKnownFileType = sourcecode.swift; path = CubeBuddyProgUIUITestsLaunchTests.swift; sourceTree = "<group>"; };
		6A7CCE402870095800598C88 /* UIColor+Extension.swift */ = {isa = PBXFileReference; lastKnownFileType = sourcecode.swift; path = "UIColor+Extension.swift"; sourceTree = "<group>"; };
		6A7CCE422870116700598C88 /* MenuViewController.swift */ = {isa = PBXFileReference; lastKnownFileType = sourcecode.swift; path = MenuViewController.swift; sourceTree = "<group>"; };
		6A7CCE452870129700598C88 /* CBConstants.swift */ = {isa = PBXFileReference; lastKnownFileType = sourcecode.swift; path = CBConstants.swift; sourceTree = "<group>"; };
		6A7CCE4728701E3400598C88 /* TimerViewController.swift */ = {isa = PBXFileReference; lastKnownFileType = sourcecode.swift; path = TimerViewController.swift; sourceTree = "<group>"; };
		6AACD4FB28717EF3006FB54B /* UIFont+Extension.swift */ = {isa = PBXFileReference; lastKnownFileType = sourcecode.swift; path = "UIFont+Extension.swift"; sourceTree = "<group>"; };
		6AACD4FD287191FB006FB54B /* SolvesViewController.swift */ = {isa = PBXFileReference; lastKnownFileType = sourcecode.swift; path = SolvesViewController.swift; sourceTree = "<group>"; };
		6AACD4FF287196A5006FB54B /* CubeNoobYoutubePlayerVC.swift */ = {isa = PBXFileReference; lastKnownFileType = sourcecode.swift; path = CubeNoobYoutubePlayerVC.swift; sourceTree = "<group>"; };
		6AACD5032872F0AD006FB54B /* CBViewCreator.swift */ = {isa = PBXFileReference; lastKnownFileType = sourcecode.swift; path = CBViewCreator.swift; sourceTree = "<group>"; };
		6AACD5052872F778006FB54B /* UIView+Extensions.swift */ = {isa = PBXFileReference; lastKnownFileType = sourcecode.swift; path = "UIView+Extensions.swift"; sourceTree = "<group>"; };
		6AACD5082876DE07006FB54B /* CBBrain.swift */ = {isa = PBXFileReference; lastKnownFileType = sourcecode.swift; path = CBBrain.swift; sourceTree = "<group>"; };
		6AAF303228B8AD3D00870A00 /* SolveModel.swift */ = {isa = PBXFileReference; lastKnownFileType = sourcecode.swift; path = SolveModel.swift; sourceTree = "<group>"; };
		6AAF303428B8AE7C00870A00 /* SolveCellModel.swift */ = {isa = PBXFileReference; lastKnownFileType = sourcecode.swift; path = SolveCellModel.swift; sourceTree = "<group>"; };
		6AAF303828B8AF2600870A00 /* CBBaseTableViewController.swift */ = {isa = PBXFileReference; lastKnownFileType = sourcecode.swift; path = CBBaseTableViewController.swift; sourceTree = "<group>"; };
		6AAF303A28B8CAB800870A00 /* UserDefaultsHelper.swift */ = {isa = PBXFileReference; lastKnownFileType = sourcecode.swift; path = UserDefaultsHelper.swift; sourceTree = "<group>"; };
		6AAF304028B915F900870A00 /* CoreRubiksCube.swift */ = {isa = PBXFileReference; lastKnownFileType = sourcecode.swift; path = CoreRubiksCube.swift; sourceTree = "<group>"; };
		6AAF304228B9BCAA00870A00 /* ScrambledCubeGraphicVC.swift */ = {isa = PBXFileReference; lastKnownFileType = sourcecode.swift; path = ScrambledCubeGraphicVC.swift; sourceTree = "<group>"; };
		6AAF304728B9D54A00870A00 /* NavigationController+TabBar+Ext.swift */ = {isa = PBXFileReference; lastKnownFileType = sourcecode.swift; path = "NavigationController+TabBar+Ext.swift"; sourceTree = "<group>"; };
		6AAF304A28BCAEE200870A00 /* CBLabel.swift */ = {isa = PBXFileReference; lastKnownFileType = sourcecode.swift; path = CBLabel.swift; sourceTree = "<group>"; };
		6AAF304C28BCAFC600870A00 /* CBVStackView.swift */ = {isa = PBXFileReference; lastKnownFileType = sourcecode.swift; path = CBVStackView.swift; sourceTree = "<group>"; };
		6AAF304E28BD040F00870A00 /* CBView.swift */ = {isa = PBXFileReference; lastKnownFileType = sourcecode.swift; path = CBView.swift; sourceTree = "<group>"; };
		6AAF305028BE260800870A00 /* CBButton.swift */ = {isa = PBXFileReference; lastKnownFileType = sourcecode.swift; path = CBButton.swift; sourceTree = "<group>"; };
		6AAF305228BE274500870A00 /* CBStackView.swift */ = {isa = PBXFileReference; lastKnownFileType = sourcecode.swift; path = CBStackView.swift; sourceTree = "<group>"; };
		6AAF305428BE299E00870A00 /* CBTableViewCellCreator.swift */ = {isa = PBXFileReference; lastKnownFileType = sourcecode.swift; path = CBTableViewCellCreator.swift; sourceTree = "<group>"; };
		6AAF305628BF3FC200870A00 /* CBSlider.swift */ = {isa = PBXFileReference; lastKnownFileType = sourcecode.swift; path = CBSlider.swift; sourceTree = "<group>"; };
		6AAF305828BF3FE200870A00 /* CBSegmentedControl.swift */ = {isa = PBXFileReference; lastKnownFileType = sourcecode.swift; path = CBSegmentedControl.swift; sourceTree = "<group>"; };
		6AAF305A28C0737500870A00 /* CBHStackView.swift */ = {isa = PBXFileReference; lastKnownFileType = sourcecode.swift; path = CBHStackView.swift; sourceTree = "<group>"; };
		6AAF305C28C07BD000870A00 /* CBConstraintHelper.swift */ = {isa = PBXFileReference; lastKnownFileType = sourcecode.swift; path = CBConstraintHelper.swift; sourceTree = "<group>"; };
		6AAF305E28C21AC100870A00 /* CBPickerView.swift */ = {isa = PBXFileReference; lastKnownFileType = sourcecode.swift; path = CBPickerView.swift; sourceTree = "<group>"; };
		6AAF306028C2820A00870A00 /* UIStackView+Extension.swift */ = {isa = PBXFileReference; lastKnownFileType = sourcecode.swift; path = "UIStackView+Extension.swift"; sourceTree = "<group>"; };
		6AAF306228C285F100870A00 /* CBBaseTableViewCell.swift */ = {isa = PBXFileReference; lastKnownFileType = sourcecode.swift; path = CBBaseTableViewCell.swift; sourceTree = "<group>"; };
		6AAF306428C3659A00870A00 /* CBEnums.swift */ = {isa = PBXFileReference; lastKnownFileType = sourcecode.swift; path = CBEnums.swift; sourceTree = "<group>"; };
/* End PBXFileReference section */

/* Begin PBXFrameworksBuildPhase section */
		6A7CCE03286FFDB000598C88 /* Frameworks */ = {
			isa = PBXFrameworksBuildPhase;
			buildActionMask = 2147483647;
			files = (
			);
			runOnlyForDeploymentPostprocessing = 0;
		};
		6A7CCE1C286FFDB100598C88 /* Frameworks */ = {
			isa = PBXFrameworksBuildPhase;
			buildActionMask = 2147483647;
			files = (
			);
			runOnlyForDeploymentPostprocessing = 0;
		};
		6A7CCE26286FFDB100598C88 /* Frameworks */ = {
			isa = PBXFrameworksBuildPhase;
			buildActionMask = 2147483647;
			files = (
			);
			runOnlyForDeploymentPostprocessing = 0;
		};
/* End PBXFrameworksBuildPhase section */

/* Begin PBXGroup section */
		6A7CCDFD286FFDB000598C88 = {
			isa = PBXGroup;
			children = (
				6A7CCE08286FFDB000598C88 /* CubeBuddyProgUI */,
				6A7CCE3C286FFFB500598C88 /* Tests */,
				6A7CCE07286FFDB000598C88 /* Products */,
			);
			sourceTree = "<group>";
		};
		6A7CCE07286FFDB000598C88 /* Products */ = {
			isa = PBXGroup;
			children = (
				6A7CCE06286FFDB000598C88 /* CubeBuddyProgUI.app */,
				6A7CCE1F286FFDB100598C88 /* CubeBuddyProgUITests.xctest */,
				6A7CCE29286FFDB100598C88 /* CubeBuddyProgUIUITests.xctest */,
			);
			name = Products;
			sourceTree = "<group>";
		};
		6A7CCE08286FFDB000598C88 /* CubeBuddyProgUI */ = {
			isa = PBXGroup;
			children = (
				6AACD5072876DDE7006FB54B /* Models */,
				6AACD5012872F01F006FB54B /* Views */,
				6A7CCE442870127300598C88 /* CBConstants */,
				6A7CCE1A286FFDB100598C88 /* Info.plist */,
				6A7CCE3F2870093900598C88 /* ExtensionsAndHelpers */,
				6A7CCE3D287008F200598C88 /* SupportingFiles */,
				6A7CCE3E2870090300598C88 /* ViewControllers */,
			);
			path = CubeBuddyProgUI;
			sourceTree = "<group>";
		};
		6A7CCE22286FFDB100598C88 /* CubeBuddyProgUITests */ = {
			isa = PBXGroup;
			children = (
				6A7CCE23286FFDB100598C88 /* CubeBuddyProgUITests.swift */,
			);
			path = CubeBuddyProgUITests;
			sourceTree = "<group>";
		};
		6A7CCE2C286FFDB100598C88 /* CubeBuddyProgUIUITests */ = {
			isa = PBXGroup;
			children = (
				6A7CCE2D286FFDB100598C88 /* CubeBuddyProgUIUITests.swift */,
				6A7CCE2F286FFDB100598C88 /* CubeBuddyProgUIUITestsLaunchTests.swift */,
			);
			path = CubeBuddyProgUIUITests;
			sourceTree = "<group>";
		};
		6A7CCE3C286FFFB500598C88 /* Tests */ = {
			isa = PBXGroup;
			children = (
				6A7CCE2C286FFDB100598C88 /* CubeBuddyProgUIUITests */,
				6A7CCE22286FFDB100598C88 /* CubeBuddyProgUITests */,
			);
			path = Tests;
			sourceTree = "<group>";
		};
		6A7CCE3D287008F200598C88 /* SupportingFiles */ = {
			isa = PBXGroup;
			children = (
				6A7CCE09286FFDB000598C88 /* AppDelegate.swift */,
				6A7CCE0B286FFDB000598C88 /* SceneDelegate.swift */,
				6A7CCE0F286FFDB000598C88 /* Main.storyboard */,
				6A7CCE15286FFDB100598C88 /* Assets.xcassets */,
				6A7CCE17286FFDB100598C88 /* LaunchScreen.storyboard */,
				6A7CCE12286FFDB000598C88 /* CubeBuddyProgUI.xcdatamodeld */,
			);
			path = SupportingFiles;
			sourceTree = "<group>";
		};
		6A7CCE3E2870090300598C88 /* ViewControllers */ = {
			isa = PBXGroup;
			children = (
				6AAF304528B9BD7200870A00 /* CBBaseClasses */,
				6AAF304428B9BD4200870A00 /* TimerFlow */,
				6A7CCE422870116700598C88 /* MenuViewController.swift */,
				6AACD4FD287191FB006FB54B /* SolvesViewController.swift */,
				6AACD4FF287196A5006FB54B /* CubeNoobYoutubePlayerVC.swift */,
			);
			path = ViewControllers;
			sourceTree = "<group>";
		};
		6A7CCE3F2870093900598C88 /* ExtensionsAndHelpers */ = {
			isa = PBXGroup;
			children = (
				6A7CCE402870095800598C88 /* UIColor+Extension.swift */,
				6AACD4FB28717EF3006FB54B /* UIFont+Extension.swift */,
				6AACD5052872F778006FB54B /* UIView+Extensions.swift */,
				6AAF303A28B8CAB800870A00 /* UserDefaultsHelper.swift */,
				6AAF304728B9D54A00870A00 /* NavigationController+TabBar+Ext.swift */,
				6AAF305C28C07BD000870A00 /* CBConstraintHelper.swift */,
				6AAF306028C2820A00870A00 /* UIStackView+Extension.swift */,
			);
			path = ExtensionsAndHelpers;
			sourceTree = "<group>";
		};
		6A7CCE442870127300598C88 /* CBConstants */ = {
			isa = PBXGroup;
			children = (
				6A7CCE452870129700598C88 /* CBConstants.swift */,
				6AAF306428C3659A00870A00 /* CBEnums.swift */,
			);
			path = CBConstants;
			sourceTree = "<group>";
		};
		6AACD5012872F01F006FB54B /* Views */ = {
			isa = PBXGroup;
			children = (
				6AAF304928BCAEC800870A00 /* CBKit */,
				6AAF304628B9BDA500870A00 /* Cells */,
				6AACD5022872F05F006FB54B /* ViewFactories */,
			);
			path = Views;
			sourceTree = "<group>";
		};
		6AACD5022872F05F006FB54B /* ViewFactories */ = {
			isa = PBXGroup;
			children = (
				6AACD5032872F0AD006FB54B /* CBViewCreator.swift */,
				6AAF305428BE299E00870A00 /* CBTableViewCellCreator.swift */,
			);
			path = ViewFactories;
			sourceTree = "<group>";
		};
		6AACD5072876DDE7006FB54B /* Models */ = {
			isa = PBXGroup;
			children = (
				6AAF303D28B8D6E600870A00 /* Data */,
				6AAF303C28B8D6DC00870A00 /* Functional */,
			);
			path = Models;
			sourceTree = "<group>";
		};
		6AAF303C28B8D6DC00870A00 /* Functional */ = {
			isa = PBXGroup;
			children = (
				6AAF304028B915F900870A00 /* CoreRubiksCube.swift */,
				6AACD5082876DE07006FB54B /* CBBrain.swift */,
			);
			path = Functional;
			sourceTree = "<group>";
		};
		6AAF303D28B8D6E600870A00 /* Data */ = {
			isa = PBXGroup;
			children = (
				6AAF303228B8AD3D00870A00 /* SolveModel.swift */,
			);
			path = Data;
			sourceTree = "<group>";
		};
		6AAF304428B9BD4200870A00 /* TimerFlow */ = {
			isa = PBXGroup;
			children = (
				6A7CCE4728701E3400598C88 /* TimerViewController.swift */,
				6AAF304228B9BCAA00870A00 /* ScrambledCubeGraphicVC.swift */,
			);
			path = TimerFlow;
			sourceTree = "<group>";
		};
		6AAF304528B9BD7200870A00 /* CBBaseClasses */ = {
			isa = PBXGroup;
			children = (
				6A7CCE0D286FFDB000598C88 /* CBBaseViewController.swift */,
				6AAF303828B8AF2600870A00 /* CBBaseTableViewController.swift */,
			);
			path = CBBaseClasses;
			sourceTree = "<group>";
		};
		6AAF304628B9BDA500870A00 /* Cells */ = {
			isa = PBXGroup;
			children = (
				6AAF303428B8AE7C00870A00 /* SolveCellModel.swift */,
				6AAF306228C285F100870A00 /* CBBaseTableViewCell.swift */,
			);
			path = Cells;
			sourceTree = "<group>";
		};
		6AAF304928BCAEC800870A00 /* CBKit */ = {
			isa = PBXGroup;
			children = (
				6AAF304A28BCAEE200870A00 /* CBLabel.swift */,
				6AAF304C28BCAFC600870A00 /* CBVStackView.swift */,
				6AAF304E28BD040F00870A00 /* CBView.swift */,
				6AAF305028BE260800870A00 /* CBButton.swift */,
				6AAF305228BE274500870A00 /* CBStackView.swift */,
				6AAF305628BF3FC200870A00 /* CBSlider.swift */,
				6AAF305828BF3FE200870A00 /* CBSegmentedControl.swift */,
				6AAF305A28C0737500870A00 /* CBHStackView.swift */,
				6AAF305E28C21AC100870A00 /* CBPickerView.swift */,
			);
			path = CBKit;
			sourceTree = "<group>";
		};
/* End PBXGroup section */

/* Begin PBXNativeTarget section */
		6A7CCE05286FFDB000598C88 /* CubeBuddyProgUI */ = {
			isa = PBXNativeTarget;
			buildConfigurationList = 6A7CCE33286FFDB100598C88 /* Build configuration list for PBXNativeTarget "CubeBuddyProgUI" */;
			buildPhases = (
				6A7CCE02286FFDB000598C88 /* Sources */,
				6A7CCE03286FFDB000598C88 /* Frameworks */,
				6A7CCE04286FFDB000598C88 /* Resources */,
			);
			buildRules = (
			);
			dependencies = (
			);
			name = CubeBuddyProgUI;
			productName = CubeBuddyProgUI;
			productReference = 6A7CCE06286FFDB000598C88 /* CubeBuddyProgUI.app */;
			productType = "com.apple.product-type.application";
		};
		6A7CCE1E286FFDB100598C88 /* CubeBuddyProgUITests */ = {
			isa = PBXNativeTarget;
			buildConfigurationList = 6A7CCE36286FFDB100598C88 /* Build configuration list for PBXNativeTarget "CubeBuddyProgUITests" */;
			buildPhases = (
				6A7CCE1B286FFDB100598C88 /* Sources */,
				6A7CCE1C286FFDB100598C88 /* Frameworks */,
				6A7CCE1D286FFDB100598C88 /* Resources */,
			);
			buildRules = (
			);
			dependencies = (
				6A7CCE21286FFDB100598C88 /* PBXTargetDependency */,
			);
			name = CubeBuddyProgUITests;
			productName = CubeBuddyProgUITests;
			productReference = 6A7CCE1F286FFDB100598C88 /* CubeBuddyProgUITests.xctest */;
			productType = "com.apple.product-type.bundle.unit-test";
		};
		6A7CCE28286FFDB100598C88 /* CubeBuddyProgUIUITests */ = {
			isa = PBXNativeTarget;
			buildConfigurationList = 6A7CCE39286FFDB100598C88 /* Build configuration list for PBXNativeTarget "CubeBuddyProgUIUITests" */;
			buildPhases = (
				6A7CCE25286FFDB100598C88 /* Sources */,
				6A7CCE26286FFDB100598C88 /* Frameworks */,
				6A7CCE27286FFDB100598C88 /* Resources */,
			);
			buildRules = (
			);
			dependencies = (
				6A7CCE2B286FFDB100598C88 /* PBXTargetDependency */,
			);
			name = CubeBuddyProgUIUITests;
			productName = CubeBuddyProgUIUITests;
			productReference = 6A7CCE29286FFDB100598C88 /* CubeBuddyProgUIUITests.xctest */;
			productType = "com.apple.product-type.bundle.ui-testing";
		};
/* End PBXNativeTarget section */

/* Begin PBXProject section */
		6A7CCDFE286FFDB000598C88 /* Project object */ = {
			isa = PBXProject;
			attributes = {
				BuildIndependentTargetsInParallel = 1;
				LastSwiftUpdateCheck = 1340;
				LastUpgradeCheck = 1340;
				TargetAttributes = {
					6A7CCE05286FFDB000598C88 = {
						CreatedOnToolsVersion = 13.4.1;
					};
					6A7CCE1E286FFDB100598C88 = {
						CreatedOnToolsVersion = 13.4.1;
						TestTargetID = 6A7CCE05286FFDB000598C88;
					};
					6A7CCE28286FFDB100598C88 = {
						CreatedOnToolsVersion = 13.4.1;
						TestTargetID = 6A7CCE05286FFDB000598C88;
					};
				};
			};
			buildConfigurationList = 6A7CCE01286FFDB000598C88 /* Build configuration list for PBXProject "CubeBuddyProgUI" */;
			compatibilityVersion = "Xcode 13.0";
			developmentRegion = en;
			hasScannedForEncodings = 0;
			knownRegions = (
				en,
				Base,
			);
			mainGroup = 6A7CCDFD286FFDB000598C88;
			productRefGroup = 6A7CCE07286FFDB000598C88 /* Products */;
			projectDirPath = "";
			projectRoot = "";
			targets = (
				6A7CCE05286FFDB000598C88 /* CubeBuddyProgUI */,
				6A7CCE1E286FFDB100598C88 /* CubeBuddyProgUITests */,
				6A7CCE28286FFDB100598C88 /* CubeBuddyProgUIUITests */,
			);
		};
/* End PBXProject section */

/* Begin PBXResourcesBuildPhase section */
		6A7CCE04286FFDB000598C88 /* Resources */ = {
			isa = PBXResourcesBuildPhase;
			buildActionMask = 2147483647;
			files = (
				6A7CCE19286FFDB100598C88 /* LaunchScreen.storyboard in Resources */,
				6A7CCE16286FFDB100598C88 /* Assets.xcassets in Resources */,
				6A7CCE11286FFDB000598C88 /* Main.storyboard in Resources */,
			);
			runOnlyForDeploymentPostprocessing = 0;
		};
		6A7CCE1D286FFDB100598C88 /* Resources */ = {
			isa = PBXResourcesBuildPhase;
			buildActionMask = 2147483647;
			files = (
			);
			runOnlyForDeploymentPostprocessing = 0;
		};
		6A7CCE27286FFDB100598C88 /* Resources */ = {
			isa = PBXResourcesBuildPhase;
			buildActionMask = 2147483647;
			files = (
			);
			runOnlyForDeploymentPostprocessing = 0;
		};
/* End PBXResourcesBuildPhase section */

/* Begin PBXSourcesBuildPhase section */
		6A7CCE02286FFDB000598C88 /* Sources */ = {
			isa = PBXSourcesBuildPhase;
			buildActionMask = 2147483647;
			files = (
				6A7CCE0E286FFDB000598C88 /* CBBaseViewController.swift in Sources */,
				6AACD500287196A6006FB54B /* CubeNoobYoutubePlayerVC.swift in Sources */,
				6AAF304328B9BCAA00870A00 /* ScrambledCubeGraphicVC.swift in Sources */,
				6AAF305D28C07BD000870A00 /* CBConstraintHelper.swift in Sources */,
				6AAF304D28BCAFC600870A00 /* CBVStackView.swift in Sources */,
				6A7CCE432870116700598C88 /* MenuViewController.swift in Sources */,
				6AAF305B28C0737500870A00 /* CBHStackView.swift in Sources */,
				6AACD5092876DE07006FB54B /* CBBrain.swift in Sources */,
				6AAF306528C3659A00870A00 /* CBEnums.swift in Sources */,
				6A7CCE14286FFDB000598C88 /* CubeBuddyProgUI.xcdatamodeld in Sources */,
				6AAF306328C285F100870A00 /* CBBaseTableViewCell.swift in Sources */,
				6AAF304128B915F900870A00 /* CoreRubiksCube.swift in Sources */,
				6AAF303328B8AD3D00870A00 /* SolveModel.swift in Sources */,
				6AAF305F28C21AC100870A00 /* CBPickerView.swift in Sources */,
				6AAF305728BF3FC200870A00 /* CBSlider.swift in Sources */,
				6AACD4FC28717EF3006FB54B /* UIFont+Extension.swift in Sources */,
				6AAF305928BF3FE200870A00 /* CBSegmentedControl.swift in Sources */,
				6AACD5062872F778006FB54B /* UIView+Extensions.swift in Sources */,
				6A7CCE462870129700598C88 /* CBConstants.swift in Sources */,
				6AAF303628B8AE7C00870A00 /* SolveCellModel.swift in Sources */,
				6AACD5042872F0AD006FB54B /* CBViewCreator.swift in Sources */,
				6A7CCE4828701E3400598C88 /* TimerViewController.swift in Sources */,
				6AAF304F28BD040F00870A00 /* CBView.swift in Sources */,
				6A7CCE412870095800598C88 /* UIColor+Extension.swift in Sources */,
				6A7CCE0A286FFDB000598C88 /* AppDelegate.swift in Sources */,
				6AACD4FE287191FB006FB54B /* SolvesViewController.swift in Sources */,
				6AAF305128BE260800870A00 /* CBButton.swift in Sources */,
				6AAF304828B9D54A00870A00 /* NavigationController+TabBar+Ext.swift in Sources */,
				6A7CCE0C286FFDB000598C88 /* SceneDelegate.swift in Sources */,
				6AAF303B28B8CAB800870A00 /* UserDefaultsHelper.swift in Sources */,
				6AAF303928B8AF2600870A00 /* CBBaseTableViewController.swift in Sources */,
				6AAF305528BE299E00870A00 /* CBTableViewCellCreator.swift in Sources */,
				6AAF305328BE274500870A00 /* CBStackView.swift in Sources */,
				6AAF304B28BCAEE200870A00 /* CBLabel.swift in Sources */,
				6AAF306128C2820A00870A00 /* UIStackView+Extension.swift in Sources */,
			);
			runOnlyForDeploymentPostprocessing = 0;
		};
		6A7CCE1B286FFDB100598C88 /* Sources */ = {
			isa = PBXSourcesBuildPhase;
			buildActionMask = 2147483647;
			files = (
				6A7CCE24286FFDB100598C88 /* CubeBuddyProgUITests.swift in Sources */,
			);
			runOnlyForDeploymentPostprocessing = 0;
		};
		6A7CCE25286FFDB100598C88 /* Sources */ = {
			isa = PBXSourcesBuildPhase;
			buildActionMask = 2147483647;
			files = (
				6A7CCE30286FFDB100598C88 /* CubeBuddyProgUIUITestsLaunchTests.swift in Sources */,
				6A7CCE2E286FFDB100598C88 /* CubeBuddyProgUIUITests.swift in Sources */,
			);
			runOnlyForDeploymentPostprocessing = 0;
		};
/* End PBXSourcesBuildPhase section */

/* Begin PBXTargetDependency section */
		6A7CCE21286FFDB100598C88 /* PBXTargetDependency */ = {
			isa = PBXTargetDependency;
			target = 6A7CCE05286FFDB000598C88 /* CubeBuddyProgUI */;
			targetProxy = 6A7CCE20286FFDB100598C88 /* PBXContainerItemProxy */;
		};
		6A7CCE2B286FFDB100598C88 /* PBXTargetDependency */ = {
			isa = PBXTargetDependency;
			target = 6A7CCE05286FFDB000598C88 /* CubeBuddyProgUI */;
			targetProxy = 6A7CCE2A286FFDB100598C88 /* PBXContainerItemProxy */;
		};
/* End PBXTargetDependency section */

/* Begin PBXVariantGroup section */
		6A7CCE0F286FFDB000598C88 /* Main.storyboard */ = {
			isa = PBXVariantGroup;
			children = (
				6A7CCE10286FFDB000598C88 /* Base */,
			);
			name = Main.storyboard;
			sourceTree = "<group>";
		};
		6A7CCE17286FFDB100598C88 /* LaunchScreen.storyboard */ = {
			isa = PBXVariantGroup;
			children = (
				6A7CCE18286FFDB100598C88 /* Base */,
			);
			name = LaunchScreen.storyboard;
			sourceTree = "<group>";
		};
/* End PBXVariantGroup section */

/* Begin XCBuildConfiguration section */
		6A7CCE31286FFDB100598C88 /* Debug */ = {
			isa = XCBuildConfiguration;
			buildSettings = {
				ALWAYS_SEARCH_USER_PATHS = NO;
				CLANG_ANALYZER_NONNULL = YES;
				CLANG_ANALYZER_NUMBER_OBJECT_CONVERSION = YES_AGGRESSIVE;
				CLANG_CXX_LANGUAGE_STANDARD = "gnu++17";
				CLANG_ENABLE_MODULES = YES;
				CLANG_ENABLE_OBJC_ARC = YES;
				CLANG_ENABLE_OBJC_WEAK = YES;
				CLANG_WARN_BLOCK_CAPTURE_AUTORELEASING = YES;
				CLANG_WARN_BOOL_CONVERSION = YES;
				CLANG_WARN_COMMA = YES;
				CLANG_WARN_CONSTANT_CONVERSION = YES;
				CLANG_WARN_DEPRECATED_OBJC_IMPLEMENTATIONS = YES;
				CLANG_WARN_DIRECT_OBJC_ISA_USAGE = YES_ERROR;
				CLANG_WARN_DOCUMENTATION_COMMENTS = YES;
				CLANG_WARN_EMPTY_BODY = YES;
				CLANG_WARN_ENUM_CONVERSION = YES;
				CLANG_WARN_INFINITE_RECURSION = YES;
				CLANG_WARN_INT_CONVERSION = YES;
				CLANG_WARN_NON_LITERAL_NULL_CONVERSION = YES;
				CLANG_WARN_OBJC_IMPLICIT_RETAIN_SELF = YES;
				CLANG_WARN_OBJC_LITERAL_CONVERSION = YES;
				CLANG_WARN_OBJC_ROOT_CLASS = YES_ERROR;
				CLANG_WARN_QUOTED_INCLUDE_IN_FRAMEWORK_HEADER = YES;
				CLANG_WARN_RANGE_LOOP_ANALYSIS = YES;
				CLANG_WARN_STRICT_PROTOTYPES = YES;
				CLANG_WARN_SUSPICIOUS_MOVE = YES;
				CLANG_WARN_UNGUARDED_AVAILABILITY = YES_AGGRESSIVE;
				CLANG_WARN_UNREACHABLE_CODE = YES;
				CLANG_WARN__DUPLICATE_METHOD_MATCH = YES;
				COPY_PHASE_STRIP = NO;
				DEBUG_INFORMATION_FORMAT = dwarf;
				ENABLE_STRICT_OBJC_MSGSEND = YES;
				ENABLE_TESTABILITY = YES;
				GCC_C_LANGUAGE_STANDARD = gnu11;
				GCC_DYNAMIC_NO_PIC = NO;
				GCC_NO_COMMON_BLOCKS = YES;
				GCC_OPTIMIZATION_LEVEL = 0;
				GCC_PREPROCESSOR_DEFINITIONS = (
					"DEBUG=1",
					"$(inherited)",
				);
				GCC_WARN_64_TO_32_BIT_CONVERSION = YES;
				GCC_WARN_ABOUT_RETURN_TYPE = YES_ERROR;
				GCC_WARN_UNDECLARED_SELECTOR = YES;
				GCC_WARN_UNINITIALIZED_AUTOS = YES_AGGRESSIVE;
				GCC_WARN_UNUSED_FUNCTION = YES;
				GCC_WARN_UNUSED_VARIABLE = YES;
				IPHONEOS_DEPLOYMENT_TARGET = 13.0;
				MTL_ENABLE_DEBUG_INFO = INCLUDE_SOURCE;
				MTL_FAST_MATH = YES;
				ONLY_ACTIVE_ARCH = YES;
				SDKROOT = iphoneos;
				SWIFT_ACTIVE_COMPILATION_CONDITIONS = DEBUG;
				SWIFT_OPTIMIZATION_LEVEL = "-Onone";
			};
			name = Debug;
		};
		6A7CCE32286FFDB100598C88 /* Release */ = {
			isa = XCBuildConfiguration;
			buildSettings = {
				ALWAYS_SEARCH_USER_PATHS = NO;
				CLANG_ANALYZER_NONNULL = YES;
				CLANG_ANALYZER_NUMBER_OBJECT_CONVERSION = YES_AGGRESSIVE;
				CLANG_CXX_LANGUAGE_STANDARD = "gnu++17";
				CLANG_ENABLE_MODULES = YES;
				CLANG_ENABLE_OBJC_ARC = YES;
				CLANG_ENABLE_OBJC_WEAK = YES;
				CLANG_WARN_BLOCK_CAPTURE_AUTORELEASING = YES;
				CLANG_WARN_BOOL_CONVERSION = YES;
				CLANG_WARN_COMMA = YES;
				CLANG_WARN_CONSTANT_CONVERSION = YES;
				CLANG_WARN_DEPRECATED_OBJC_IMPLEMENTATIONS = YES;
				CLANG_WARN_DIRECT_OBJC_ISA_USAGE = YES_ERROR;
				CLANG_WARN_DOCUMENTATION_COMMENTS = YES;
				CLANG_WARN_EMPTY_BODY = YES;
				CLANG_WARN_ENUM_CONVERSION = YES;
				CLANG_WARN_INFINITE_RECURSION = YES;
				CLANG_WARN_INT_CONVERSION = YES;
				CLANG_WARN_NON_LITERAL_NULL_CONVERSION = YES;
				CLANG_WARN_OBJC_IMPLICIT_RETAIN_SELF = YES;
				CLANG_WARN_OBJC_LITERAL_CONVERSION = YES;
				CLANG_WARN_OBJC_ROOT_CLASS = YES_ERROR;
				CLANG_WARN_QUOTED_INCLUDE_IN_FRAMEWORK_HEADER = YES;
				CLANG_WARN_RANGE_LOOP_ANALYSIS = YES;
				CLANG_WARN_STRICT_PROTOTYPES = YES;
				CLANG_WARN_SUSPICIOUS_MOVE = YES;
				CLANG_WARN_UNGUARDED_AVAILABILITY = YES_AGGRESSIVE;
				CLANG_WARN_UNREACHABLE_CODE = YES;
				CLANG_WARN__DUPLICATE_METHOD_MATCH = YES;
				COPY_PHASE_STRIP = NO;
				DEBUG_INFORMATION_FORMAT = "dwarf-with-dsym";
				ENABLE_NS_ASSERTIONS = NO;
				ENABLE_STRICT_OBJC_MSGSEND = YES;
				GCC_C_LANGUAGE_STANDARD = gnu11;
				GCC_NO_COMMON_BLOCKS = YES;
				GCC_WARN_64_TO_32_BIT_CONVERSION = YES;
				GCC_WARN_ABOUT_RETURN_TYPE = YES_ERROR;
				GCC_WARN_UNDECLARED_SELECTOR = YES;
				GCC_WARN_UNINITIALIZED_AUTOS = YES_AGGRESSIVE;
				GCC_WARN_UNUSED_FUNCTION = YES;
				GCC_WARN_UNUSED_VARIABLE = YES;
				IPHONEOS_DEPLOYMENT_TARGET = 13.0;
				MTL_ENABLE_DEBUG_INFO = NO;
				MTL_FAST_MATH = YES;
				SDKROOT = iphoneos;
				SWIFT_COMPILATION_MODE = wholemodule;
				SWIFT_OPTIMIZATION_LEVEL = "-O";
				VALIDATE_PRODUCT = YES;
			};
			name = Release;
		};
		6A7CCE34286FFDB100598C88 /* Debug */ = {
			isa = XCBuildConfiguration;
			buildSettings = {
				ASSETCATALOG_COMPILER_APPICON_NAME = AppIcon;
				ASSETCATALOG_COMPILER_GLOBAL_ACCENT_COLOR_NAME = AccentColor;
				CODE_SIGN_STYLE = Automatic;
				CURRENT_PROJECT_VERSION = 1;
				DEVELOPMENT_TEAM = 8FU76QFKU2;
				GENERATE_INFOPLIST_FILE = YES;
				INFOPLIST_FILE = CubeBuddyProgUI/Info.plist;
				INFOPLIST_KEY_UIApplicationSupportsIndirectInputEvents = YES;
				INFOPLIST_KEY_UILaunchStoryboardName = LaunchScreen;
				INFOPLIST_KEY_UIMainStoryboardFile = Main;
				INFOPLIST_KEY_UISupportedInterfaceOrientations_iPad = "UIInterfaceOrientationPortrait UIInterfaceOrientationPortraitUpsideDown UIInterfaceOrientationLandscapeLeft UIInterfaceOrientationLandscapeRight";
				INFOPLIST_KEY_UISupportedInterfaceOrientations_iPhone = "UIInterfaceOrientationPortrait UIInterfaceOrientationLandscapeLeft UIInterfaceOrientationLandscapeRight";
				LD_RUNPATH_SEARCH_PATHS = (
					"$(inherited)",
					"@executable_path/Frameworks",
				);
				MARKETING_VERSION = 1.0;
				PRODUCT_BUNDLE_IDENTIFIER = com.IsaacsProjectApps.com.CubeBuddyProgUI;
				PRODUCT_NAME = "$(TARGET_NAME)";
				SWIFT_EMIT_LOC_STRINGS = YES;
				SWIFT_VERSION = 5.0;
				TARGETED_DEVICE_FAMILY = "1,2";
			};
			name = Debug;
		};
		6A7CCE35286FFDB100598C88 /* Release */ = {
			isa = XCBuildConfiguration;
			buildSettings = {
				ASSETCATALOG_COMPILER_APPICON_NAME = AppIcon;
				ASSETCATALOG_COMPILER_GLOBAL_ACCENT_COLOR_NAME = AccentColor;
				CODE_SIGN_STYLE = Automatic;
				CURRENT_PROJECT_VERSION = 1;
				DEVELOPMENT_TEAM = 8FU76QFKU2;
				GENERATE_INFOPLIST_FILE = YES;
				INFOPLIST_FILE = CubeBuddyProgUI/Info.plist;
				INFOPLIST_KEY_UIApplicationSupportsIndirectInputEvents = YES;
				INFOPLIST_KEY_UILaunchStoryboardName = LaunchScreen;
				INFOPLIST_KEY_UIMainStoryboardFile = Main;
				INFOPLIST_KEY_UISupportedInterfaceOrientations_iPad = "UIInterfaceOrientationPortrait UIInterfaceOrientationPortraitUpsideDown UIInterfaceOrientationLandscapeLeft UIInterfaceOrientationLandscapeRight";
				INFOPLIST_KEY_UISupportedInterfaceOrientations_iPhone = "UIInterfaceOrientationPortrait UIInterfaceOrientationLandscapeLeft UIInterfaceOrientationLandscapeRight";
				LD_RUNPATH_SEARCH_PATHS = (
					"$(inherited)",
					"@executable_path/Frameworks",
				);
				MARKETING_VERSION = 1.0;
				PRODUCT_BUNDLE_IDENTIFIER = com.IsaacsProjectApps.com.CubeBuddyProgUI;
				PRODUCT_NAME = "$(TARGET_NAME)";
				SWIFT_EMIT_LOC_STRINGS = YES;
				SWIFT_VERSION = 5.0;
				TARGETED_DEVICE_FAMILY = "1,2";
			};
			name = Release;
		};
		6A7CCE37286FFDB100598C88 /* Debug */ = {
			isa = XCBuildConfiguration;
			buildSettings = {
				ALWAYS_EMBED_SWIFT_STANDARD_LIBRARIES = YES;
				BUNDLE_LOADER = "$(TEST_HOST)";
				CODE_SIGN_STYLE = Automatic;
				CURRENT_PROJECT_VERSION = 1;
				DEVELOPMENT_TEAM = 8FU76QFKU2;
				GENERATE_INFOPLIST_FILE = YES;
				IPHONEOS_DEPLOYMENT_TARGET = 15.5;
				MARKETING_VERSION = 1.0;
				PRODUCT_BUNDLE_IDENTIFIER = com.IsaacsProjectApps.com.CubeBuddyProgUITests;
				PRODUCT_NAME = "$(TARGET_NAME)";
				SWIFT_EMIT_LOC_STRINGS = NO;
				SWIFT_VERSION = 5.0;
				TARGETED_DEVICE_FAMILY = "1,2";
				TEST_HOST = "$(BUILT_PRODUCTS_DIR)/CubeBuddyProgUI.app/CubeBuddyProgUI";
			};
			name = Debug;
		};
		6A7CCE38286FFDB100598C88 /* Release */ = {
			isa = XCBuildConfiguration;
			buildSettings = {
				ALWAYS_EMBED_SWIFT_STANDARD_LIBRARIES = YES;
				BUNDLE_LOADER = "$(TEST_HOST)";
				CODE_SIGN_STYLE = Automatic;
				CURRENT_PROJECT_VERSION = 1;
				DEVELOPMENT_TEAM = 8FU76QFKU2;
				GENERATE_INFOPLIST_FILE = YES;
				IPHONEOS_DEPLOYMENT_TARGET = 15.5;
				MARKETING_VERSION = 1.0;
				PRODUCT_BUNDLE_IDENTIFIER = com.IsaacsProjectApps.com.CubeBuddyProgUITests;
				PRODUCT_NAME = "$(TARGET_NAME)";
				SWIFT_EMIT_LOC_STRINGS = NO;
				SWIFT_VERSION = 5.0;
				TARGETED_DEVICE_FAMILY = "1,2";
				TEST_HOST = "$(BUILT_PRODUCTS_DIR)/CubeBuddyProgUI.app/CubeBuddyProgUI";
			};
			name = Release;
		};
		6A7CCE3A286FFDB100598C88 /* Debug */ = {
			isa = XCBuildConfiguration;
			buildSettings = {
				ALWAYS_EMBED_SWIFT_STANDARD_LIBRARIES = YES;
				CODE_SIGN_STYLE = Automatic;
				CURRENT_PROJECT_VERSION = 1;
				DEVELOPMENT_TEAM = 8FU76QFKU2;
				GENERATE_INFOPLIST_FILE = YES;
				MARKETING_VERSION = 1.0;
				PRODUCT_BUNDLE_IDENTIFIER = com.IsaacsProjectApps.com.CubeBuddyProgUIUITests;
				PRODUCT_NAME = "$(TARGET_NAME)";
				SWIFT_EMIT_LOC_STRINGS = NO;
				SWIFT_VERSION = 5.0;
				TARGETED_DEVICE_FAMILY = "1,2";
				TEST_TARGET_NAME = CubeBuddyProgUI;
			};
			name = Debug;
		};
		6A7CCE3B286FFDB100598C88 /* Release */ = {
			isa = XCBuildConfiguration;
			buildSettings = {
				ALWAYS_EMBED_SWIFT_STANDARD_LIBRARIES = YES;
				CODE_SIGN_STYLE = Automatic;
				CURRENT_PROJECT_VERSION = 1;
				DEVELOPMENT_TEAM = 8FU76QFKU2;
				GENERATE_INFOPLIST_FILE = YES;
				MARKETING_VERSION = 1.0;
				PRODUCT_BUNDLE_IDENTIFIER = com.IsaacsProjectApps.com.CubeBuddyProgUIUITests;
				PRODUCT_NAME = "$(TARGET_NAME)";
				SWIFT_EMIT_LOC_STRINGS = NO;
				SWIFT_VERSION = 5.0;
				TARGETED_DEVICE_FAMILY = "1,2";
				TEST_TARGET_NAME = CubeBuddyProgUI;
			};
			name = Release;
		};
/* End XCBuildConfiguration section */

/* Begin XCConfigurationList section */
		6A7CCE01286FFDB000598C88 /* Build configuration list for PBXProject "CubeBuddyProgUI" */ = {
			isa = XCConfigurationList;
			buildConfigurations = (
				6A7CCE31286FFDB100598C88 /* Debug */,
				6A7CCE32286FFDB100598C88 /* Release */,
			);
			defaultConfigurationIsVisible = 0;
			defaultConfigurationName = Release;
		};
		6A7CCE33286FFDB100598C88 /* Build configuration list for PBXNativeTarget "CubeBuddyProgUI" */ = {
			isa = XCConfigurationList;
			buildConfigurations = (
				6A7CCE34286FFDB100598C88 /* Debug */,
				6A7CCE35286FFDB100598C88 /* Release */,
			);
			defaultConfigurationIsVisible = 0;
			defaultConfigurationName = Release;
		};
		6A7CCE36286FFDB100598C88 /* Build configuration list for PBXNativeTarget "CubeBuddyProgUITests" */ = {
			isa = XCConfigurationList;
			buildConfigurations = (
				6A7CCE37286FFDB100598C88 /* Debug */,
				6A7CCE38286FFDB100598C88 /* Release */,
			);
			defaultConfigurationIsVisible = 0;
			defaultConfigurationName = Release;
		};
		6A7CCE39286FFDB100598C88 /* Build configuration list for PBXNativeTarget "CubeBuddyProgUIUITests" */ = {
			isa = XCConfigurationList;
			buildConfigurations = (
				6A7CCE3A286FFDB100598C88 /* Debug */,
				6A7CCE3B286FFDB100598C88 /* Release */,
			);
			defaultConfigurationIsVisible = 0;
			defaultConfigurationName = Release;
		};
/* End XCConfigurationList section */

/* Begin XCVersionGroup section */
		6A7CCE12286FFDB000598C88 /* CubeBuddyProgUI.xcdatamodeld */ = {
			isa = XCVersionGroup;
			children = (
				6A7CCE13286FFDB000598C88 /* CubeBuddyProgUI.xcdatamodel */,
			);
			currentVersion = 6A7CCE13286FFDB000598C88 /* CubeBuddyProgUI.xcdatamodel */;
			path = CubeBuddyProgUI.xcdatamodeld;
			sourceTree = "<group>";
			versionGroupType = wrapper.xcdatamodel;
		};
/* End XCVersionGroup section */
	};
	rootObject = 6A7CCDFE286FFDB000598C88 /* Project object */;
}
